PODS:
  - CocoaLumberjack (3.6.2):
    - CocoaLumberjack/Core (= 3.6.2)
  - CocoaLumberjack/Core (3.6.2)
  - DoraemonKit/Core (3.0.1)
  - DoraemonKit/WithDatabase (3.0.1):
    - DoraemonKit/Core
    - YYDebugDatabase
  - DoraemonKit/WithLogger (3.0.1):
    - CocoaLumberjack
    - DoraemonKit/Core
  - FMDB (2.7.5):
    - FMDB/standard (= 2.7.5)
  - FMDB/standard (2.7.5)
  - GCDWebServer (3.5.3):
    - GCDWebServer/Core (= 3.5.3)
  - GCDWebServer/Core (3.5.3)
  - YYDebugDatabase (2.0.8):
    - FMDB
    - GCDWebServer

DEPENDENCIES:
  - DoraemonKit/Core (from `../../`)
  - DoraemonKit/WithDatabase (from `../../`)
  - DoraemonKit/WithLogger (from `../../`)
  - YYDebugDatabase (from `https://github.com/y500/YYDebugDatabase.git`)

SPEC REPOS:
  https://github.com/CocoaPods/Specs.git:
    - CocoaLumberjack
    - FMDB
    - GCDWebServer

EXTERNAL SOURCES:
  DoraemonKit:
    :path: "../../"
  YYDebugDatabase:
    :git: https://github.com/y500/YYDebugDatabase.git

CHECKOUT OPTIONS:
  YYDebugDatabase:
    :commit: b68105eb0784aede05036616c0b94d26b8d97ad0
    :git: https://github.com/y500/YYDebugDatabase.git

SPEC CHECKSUMS:
  CocoaLumberjack: bd155f2dd06c0e0b03f876f7a3ee55693122ec94
  DoraemonKit: 720f114d0ba54e1496e7cf2568d748519c78fdb3
  FMDB: 2ce00b547f966261cd18927a3ddb07cb6f3db82a
  GCDWebServer: c0ab22c73e1b84f358d1e2f74bf6afd1c60829f2
  YYDebugDatabase: 037486297a7dd40bc50e2c6df5de7b4ad24c9c17

PODFILE CHECKSUM: bc0cc15a4c59870bd32405fdde43bfe398427f58

COCOAPODS: 1.9.1
